Microsoft Visual Studio Solution File, Format Version 12.00
# Visual Studio 2012
Project("{FAE04EC0-301F-11D3-BF4B-00C04F79EFBC}") = "Top Down Shooter", "Top Down Shooter.csproj", "{D15C77EB-B3AA-4F09-ADDF-80712D70FE00}"
EndProject
Global
	GlobalSection(SolutionConfigurationPlatforms) = preSolution
	Debug|Any CPU = Debug|Any CPU
	Release|Any CPU = Release|Any CPU
	Tools|Any CPU = Tools|Any CPU
	EndGlobalSection
	GlobalSection(ProjectConfigurationPlatforms) = postSolution
		{D15C77EB-B3AA-4F09-ADDF-80712D70FE00}.Debug|Any CPU.ActiveCfg = Debug|Any CPU
		{D15C77EB-B3AA-4F09-ADDF-80712D70FE00}.Debug|Any CPU.Build.0 = Debug|Any CPU
		{D15C77EB-B3AA-4F09-ADDF-80712D70FE00}.Release|Any CPU.ActiveCfg = Release|Any CPU
		{D15C77EB-B3AA-4F09-ADDF-80712D70FE00}.Release|Any CPU.Build.0 = Release|Any CPU
		{D15C77EB-B3AA-4F09-ADDF-80712D70FE00}.Tools|Any CPU.ActiveCfg = Tools|Any CPU
		{D15C77EB-B3AA-4F09-ADDF-80712D70FE00}.Tools|Any CPU.Build.0 = Tools|Any CPU
	EndGlobalSection
EndGlobal
